// !$*UTF8*$!
{
	archiveVersion = 1;
	classes = {
	};
	objectVersion = 51;
	objects = {

/* Begin PBXBuildFile section */
		2897078306BF372C07994C2A /* Pods_RealmExample.framework in Frameworks */ = {isa = PBXBuildFile; fileRef = 305023C0C536B84BE8081CC1 /* Pods_RealmExample.framework */; };
		30325B302557C47D00E1323C /* AppDelegate.swift in Sources */ = {isa = PBXBuildFile; fileRef = 30325B2F2557C47D00E1323C /* AppDelegate.swift */; };
		30325B322557C47D00E1323C /* SceneDelegate.swift in Sources */ = {isa = PBXBuildFile; fileRef = 30325B312557C47D00E1323C /* SceneDelegate.swift */; };
		30325B342557C47D00E1323C /* ViewController.swift in Sources */ = {isa = PBXBuildFile; fileRef = 30325B332557C47D00E1323C /* ViewController.swift */; };
		30325B372557C47D00E1323C /* Main.storyboard in Resources */ = {isa = PBXBuildFile; fileRef = 30325B352557C47D00E1323C /* Main.storyboard */; };
		30325B392557C47D00E1323C /* Assets.xcassets in Resources */ = {isa = PBXBuildFile; fileRef = 30325B382557C47D00E1323C /* Assets.xcassets */; };
		30325B3C2557C47D00E1323C /* LaunchScreen.storyboard in Resources */ = {isa = PBXBuildFile; fileRef = 30325B3A2557C47D00E1323C /* LaunchScreen.storyboard */; };
		30325B472557C47D00E1323C /* RealmExampleTests.swift in Sources */ = {isa = PBXBuildFile; fileRef = 30325B462557C47D00E1323C /* RealmExampleTests.swift */; };
		30325B522557C47E00E1323C /* RealmExampleUITests.swift in Sources */ = {isa = PBXBuildFile; fileRef = 30325B512557C47E00E1323C /* RealmExampleUITests.swift */; };
		30325B722557C8A900E1323C /* Country.swift in Sources */ = {isa = PBXBuildFile; fileRef = 30325B712557C8A900E1323C /* Country.swift */; };
		30325B882557D3FD00E1323C /* CountryCell.swift in Sources */ = {isa = PBXBuildFile; fileRef = 30325B872557D3FD00E1323C /* CountryCell.swift */; };
		35D5B6035BBDD80A8A8667F3 /* Pods_RealmExampleTests.framework in Frameworks */ = {isa = PBXBuildFile; fileRef = C04997E77284750CE476F706 /* Pods_RealmExampleTests.framework */; };
		6919409EE1C7A740015DAF62 /* Pods_RealmExample_RealmExampleUITests.framework in Frameworks */ = {isa = PBXBuildFile; fileRef = FAAB76C71517DDA551E35981 /* Pods_RealmExample_RealmExampleUITests.framework */; };
/* End PBXBuildFile section */

/* Begin PBXContainerItemProxy section */
		30325B432557C47D00E1323C /* PBXContainerItemProxy */ = {
			isa = PBXContainerItemProxy;
			containerPortal = 30325B242557C47D00E1323C /* Project object */;
			proxyType = 1;
			remoteGlobalIDString = 30325B2B2557C47D00E1323C;
			remoteInfo = RealmExample;
		};
		30325B4E2557C47E00E1323C /* PBXContainerItemProxy */ = {
			isa = PBXContainerItemProxy;
			containerPortal = 30325B242557C47D00E1323C /* Project object */;
			proxyType = 1;
			remoteGlobalIDString = 30325B2B2557C47D00E1323C;
			remoteInfo = RealmExample;
		};
/* End PBXContainerItemProxy section */

/* Begin PBXFileReference section */
		2F4DB6AE2604109A87C95049 /* Pods-RealmExample.release.xcconfig */ = {isa = PBXFileReference; includeInIndex = 1; lastKnownFileType = text.xcconfig; name = "Pods-RealmExample.release.xcconfig"; path = "Target Support Files/Pods-RealmExample/Pods-RealmExample.release.xcconfig"; sourceTree = "<group>"; };
		30325B2C2557C47D00E1323C /* RealmExample.app */ = {isa = PBXFileReference; explicitFileType = wrapper.application; includeInIndex = 0; path = RealmExample.app; sourceTree = BUILT_PRODUCTS_DIR; };
		30325B2F2557C47D00E1323C /* AppDelegate.swift */ = {isa = PBXFileReference; lastKnownFileType = sourcecode.swift; path = AppDelegate.swift; sourceTree = "<group>"; };
		30325B312557C47D00E1323C /* SceneDelegate.swift */ = {isa = PBXFileReference; lastKnownFileType = sourcecode.swift; path = SceneDelegate.swift; sourceTree = "<group>"; };
		30325B332557C47D00E1323C /* ViewController.swift */ = {isa = PBXFileReference; lastKnownFileType = sourcecode.swift; path = ViewController.swift; sourceTree = "<group>"; };
		30325B362557C47D00E1323C /* Base */ = {isa = PBXFileReference; lastKnownFileType = file.storyboard; name = Base; path = Base.lproj/Main.storyboard; sourceTree = "<group>"; };
		30325B382557C47D00E1323C /* Assets.xcassets */ = {isa = PBXFileReference; lastKnownFileType = folder.assetcatalog; path = Assets.xcassets; sourceTree = "<group>"; };
		30325B3B2557C47D00E1323C /* Base */ = {isa = PBXFileReference; lastKnownFileType = file.storyboard; name = Base; path = Base.lproj/LaunchScreen.storyboard; sourceTree = "<group>"; };
		30325B3D2557C47D00E1323C /* Info.plist */ = {isa = PBXFileReference; lastKnownFileType = text.plist.xml; path = Info.plist; sourceTree = "<group>"; };
		30325B422557C47D00E1323C /* RealmExampleTests.xctest */ = {isa = PBXFileReference; explicitFileType = wrapper.cfbundle; includeInIndex = 0; path = RealmExampleTests.xctest; sourceTree = BUILT_PRODUCTS_DIR; };
		30325B462557C47D00E1323C /* RealmExampleTests.swift */ = {isa = PBXFileReference; lastKnownFileType = sourcecode.swift; path = RealmExampleTests.swift; sourceTree = "<group>"; };
		30325B482557C47E00E1323C /* Info.plist */ = {isa = PBXFileReference; lastKnownFileType = text.plist.xml; path = Info.plist; sourceTree = "<group>"; };
		30325B4D2557C47E00E1323C /* RealmExampleUITests.xctest */ = {isa = PBXFileReference; explicitFileType = wrapper.cfbundle; includeInIndex = 0; path = RealmExampleUITests.xctest; sourceTree = BUILT_PRODUCTS_DIR; };
		30325B512557C47E00E1323C /* RealmExampleUITests.swift */ = {isa = PBXFileReference; lastKnownFileType = sourcecode.swift; path = RealmExampleUITests.swift; sourceTree = "<group>"; };
		30325B532557C47E00E1323C /* Info.plist */ = {isa = PBXFileReference; lastKnownFileType = text.plist.xml; path = Info.plist; sourceTree = "<group>"; };
		30325B712557C8A900E1323C /* Country.swift */ = {isa = PBXFileReference; lastKnownFileType = sourcecode.swift; path = Country.swift; sourceTree = "<group>"; };
		30325B872557D3FD00E1323C /* CountryCell.swift */ = {isa = PBXFileReference; lastKnownFileType = sourcecode.swift; path = CountryCell.swift; sourceTree = "<group>"; };
		305023C0C536B84BE8081CC1 /* Pods_RealmExample.framework */ = {isa = PBXFileReference; explicitFileType = wrapper.framework; includeInIndex = 0; path = Pods_RealmExample.framework; sourceTree = BUILT_PRODUCTS_DIR; };
		6A9C8605CEC88A13BF7C70B7 /* Pods-RealmExample.debug.xcconfig */ = {isa = PBXFileReference; includeInIndex = 1; lastKnownFileType = text.xcconfig; name = "Pods-RealmExample.debug.xcconfig"; path = "Target Support Files/Pods-RealmExample/Pods-RealmExample.debug.xcconfig"; sourceTree = "<group>"; };
		9EEACC2BAE21C34AE38760F1 /* Pods-RealmExample-RealmExampleUITests.debug.xcconfig */ = {isa = PBXFileReference; includeInIndex = 1; lastKnownFileType = text.xcconfig; name = "Pods-RealmExample-RealmExampleUITests.debug.xcconfig"; path = "Target Support Files/Pods-RealmExample-RealmExampleUITests/Pods-RealmExample-RealmExampleUITests.debug.xcconfig"; sourceTree = "<group>"; };
		B361A1A209366EB6A9CDCC59 /* Pods-RealmExampleTests.debug.xcconfig */ = {isa = PBXFileReference; includeInIndex = 1; lastKnownFileType = text.xcconfig; name = "Pods-RealmExampleTests.debug.xcconfig"; path = "Target Support Files/Pods-RealmExampleTests/Pods-RealmExampleTests.debug.xcconfig"; sourceTree = "<group>"; };
		C04997E77284750CE476F706 /* Pods_RealmExampleTests.framework */ = {isa = PBXFileReference; explicitFileType = wrapper.framework; includeInIndex = 0; path = Pods_RealmExampleTests.framework; sourceTree = BUILT_PRODUCTS_DIR; };
		C3CB2AD7D725778832256C94 /* Pods-RealmExample-RealmExampleUITests.release.xcconfig */ = {isa = PBXFileReference; includeInIndex = 1; lastKnownFileType = text.xcconfig; name = "Pods-RealmExample-RealmExampleUITests.release.xcconfig"; path = "Target Support Files/Pods-RealmExample-RealmExampleUITests/Pods-RealmExample-RealmExampleUITests.release.xcconfig"; sourceTree = "<group>"; };
		F122C9518763E3122E6F1FF2 /* Pods-RealmExampleTests.release.xcconfig */ = {isa = PBXFileReference; includeInIndex = 1; lastKnownFileType = text.xcconfig; name = "Pods-RealmExampleTests.release.xcconfig"; path = "Target Support Files/Pods-RealmExampleTests/Pods-RealmExampleTests.release.xcconfig"; sourceTree = "<group>"; };
		FAAB76C71517DDA551E35981 /* Pods_RealmExample_RealmExampleUITests.framework */ = {isa = PBXFileReference; explicitFileType = wrapper.framework; includeInIndex = 0; path = Pods_RealmExample_RealmExampleUITests.framework; sourceTree = BUILT_PRODUCTS_DIR; };
/* End PBXFileReference section */

/* Begin PBXFrameworksBuildPhase section */
		30325B292557C47D00E1323C /* Frameworks */ = {
			isa = PBXFrameworksBuildPhase;
			buildActionMask = 2147483647;
			files = (
				2897078306BF372C07994C2A /* Pods_RealmExample.framework in Frameworks */,
			);
			runOnlyForDeploymentPostprocessing = 0;
		};
		30325B3F2557C47D00E1323C /* Frameworks */ = {
			isa = PBXFrameworksBuildPhase;
			buildActionMask = 2147483647;
			files = (
				35D5B6035BBDD80A8A8667F3 /* Pods_RealmExampleTests.framework in Frameworks */,
			);
			runOnlyForDeploymentPostprocessing = 0;
		};
		30325B4A2557C47E00E1323C /* Frameworks */ = {
			isa = PBXFrameworksBuildPhase;
			buildActionMask = 2147483647;
			files = (
				6919409EE1C7A740015DAF62 /* Pods_RealmExample_RealmExampleUITests.framework in Frameworks */,
			);
			runOnlyForDeploymentPostprocessing = 0;
		};
/* End PBXFrameworksBuildPhase section */

/* Begin PBXGroup section */
		30325B232557C47D00E1323C = {
			isa = PBXGroup;
			children = (
				30325B2E2557C47D00E1323C /* RealmExample */,
				30325B452557C47D00E1323C /* RealmExampleTests */,
				30325B502557C47E00E1323C /* RealmExampleUITests */,
				30325B2D2557C47D00E1323C /* Products */,
				EA2241F6ECC15F560D9EB00C /* Pods */,
				693E61C6128EEF7FF04F901A /* Frameworks */,
			);
			sourceTree = "<group>";
		};
		30325B2D2557C47D00E1323C /* Products */ = {
			isa = PBXGroup;
			children = (
				30325B2C2557C47D00E1323C /* RealmExample.app */,
				30325B422557C47D00E1323C /* RealmExampleTests.xctest */,
				30325B4D2557C47E00E1323C /* RealmExampleUITests.xctest */,
			);
			name = Products;
			sourceTree = "<group>";
		};
		30325B2E2557C47D00E1323C /* RealmExample */ = {
			isa = PBXGroup;
			children = (
				30325B862557D3E500E1323C /* cells */,
				30325B6D2557C89500E1323C /* data */,
				30325B2F2557C47D00E1323C /* AppDelegate.swift */,
				30325B312557C47D00E1323C /* SceneDelegate.swift */,
				30325B332557C47D00E1323C /* ViewController.swift */,
				30325B352557C47D00E1323C /* Main.storyboard */,
				30325B382557C47D00E1323C /* Assets.xcassets */,
				30325B3A2557C47D00E1323C /* LaunchScreen.storyboard */,
				30325B3D2557C47D00E1323C /* Info.plist */,
			);
			path = RealmExample;
			sourceTree = "<group>";
		};
		30325B452557C47D00E1323C /* RealmExampleTests */ = {
			isa = PBXGroup;
			children = (
				30325B462557C47D00E1323C /* RealmExampleTests.swift */,
				30325B482557C47E00E1323C /* Info.plist */,
			);
			path = RealmExampleTests;
			sourceTree = "<group>";
		};
		30325B502557C47E00E1323C /* RealmExampleUITests */ = {
			isa = PBXGroup;
			children = (
				30325B512557C47E00E1323C /* RealmExampleUITests.swift */,
				30325B532557C47E00E1323C /* Info.plist */,
			);
			path = RealmExampleUITests;
			sourceTree = "<group>";
		};
		30325B6D2557C89500E1323C /* data */ = {
			isa = PBXGroup;
			children = (
				30325B712557C8A900E1323C /* Country.swift */,
			);
			path = data;
			sourceTree = "<group>";
		};
		30325B862557D3E500E1323C /* cells */ = {
			isa = PBXGroup;
			children = (
				30325B872557D3FD00E1323C /* CountryCell.swift */,
			);
			path = cells;
			sourceTree = "<group>";
		};
		693E61C6128EEF7FF04F901A /* Frameworks */ = {
			isa = PBXGroup;
			children = (
				305023C0C536B84BE8081CC1 /* Pods_RealmExample.framework */,
				FAAB76C71517DDA551E35981 /* Pods_RealmExample_RealmExampleUITests.framework */,
				C04997E77284750CE476F706 /* Pods_RealmExampleTests.framework */,
			);
			name = Frameworks;
			sourceTree = "<group>";
		};
		EA2241F6ECC15F560D9EB00C /* Pods */ = {
			isa = PBXGroup;
			children = (
				6A9C8605CEC88A13BF7C70B7 /* Pods-RealmExample.debug.xcconfig */,
				2F4DB6AE2604109A87C95049 /* Pods-RealmExample.release.xcconfig */,
				9EEACC2BAE21C34AE38760F1 /* Pods-RealmExample-RealmExampleUITests.debug.xcconfig */,
				C3CB2AD7D725778832256C94 /* Pods-RealmExample-RealmExampleUITests.release.xcconfig */,
				B361A1A209366EB6A9CDCC59 /* Pods-RealmExampleTests.debug.xcconfig */,
				F122C9518763E3122E6F1FF2 /* Pods-RealmExampleTests.release.xcconfig */,
			);
			path = Pods;
			sourceTree = "<group>";
		};
/* End PBXGroup section */

/* Begin PBXNativeTarget section */
		30325B2B2557C47D00E1323C /* RealmExample */ = {
			isa = PBXNativeTarget;
			buildConfigurationList = 30325B562557C47E00E1323C /* Build configuration list for PBXNativeTarget "RealmExample" */;
			buildPhases = (
				07651E75C3B3E023831B4913 /* [CP] Check Pods Manifest.lock */,
				30325B282557C47D00E1323C /* Sources */,
				30325B292557C47D00E1323C /* Frameworks */,
				30325B2A2557C47D00E1323C /* Resources */,
				92DF7A8056E43815CA9C05A9 /* [CP] Embed Pods Frameworks */,
			);
			buildRules = (
			);
			dependencies = (
			);
			name = RealmExample;
			productName = RealmExample;
			productReference = 30325B2C2557C47D00E1323C /* RealmExample.app */;
			productType = "com.apple.product-type.application";
		};
		30325B412557C47D00E1323C /* RealmExampleTests */ = {
			isa = PBXNativeTarget;
			buildConfigurationList = 30325B592557C47E00E1323C /* Build configuration list for PBXNativeTarget "RealmExampleTests" */;
			buildPhases = (
				E6A09AEC883D1A34165DE984 /* [CP] Check Pods Manifest.lock */,
				30325B3E2557C47D00E1323C /* Sources */,
				30325B3F2557C47D00E1323C /* Frameworks */,
				30325B402557C47D00E1323C /* Resources */,
			);
			buildRules = (
			);
			dependencies = (
				30325B442557C47D00E1323C /* PBXTargetDependency */,
			);
			name = RealmExampleTests;
			productName = RealmExampleTests;
			productReference = 30325B422557C47D00E1323C /* RealmExampleTests.xctest */;
			productType = "com.apple.product-type.bundle.unit-test";
		};
		30325B4C2557C47E00E1323C /* RealmExampleUITests */ = {
			isa = PBXNativeTarget;
			buildConfigurationList = 30325B5C2557C47E00E1323C /* Build configuration list for PBXNativeTarget "RealmExampleUITests" */;
			buildPhases = (
				DF3DEEC4027D17DC1979DDD7 /* [CP] Check Pods Manifest.lock */,
				30325B492557C47E00E1323C /* Sources */,
				30325B4A2557C47E00E1323C /* Frameworks */,
				30325B4B2557C47E00E1323C /* Resources */,
				84AB19513E052726C3C9E42F /* [CP] Embed Pods Frameworks */,
			);
			buildRules = (
			);
			dependencies = (
				30325B4F2557C47E00E1323C /* PBXTargetDependency */,
			);
			name = RealmExampleUITests;
			productName = RealmExampleUITests;
			productReference = 30325B4D2557C47E00E1323C /* RealmExampleUITests.xctest */;
			productType = "com.apple.product-type.bundle.ui-testing";
		};
/* End PBXNativeTarget section */

/* Begin PBXProject section */
		30325B242557C47D00E1323C /* Project object */ = {
			isa = PBXProject;
			attributes = {
				LastSwiftUpdateCheck = 1200;
				LastUpgradeCheck = 1200;
				TargetAttributes = {
					30325B2B2557C47D00E1323C = {
						CreatedOnToolsVersion = 12.0.1;
					};
					30325B412557C47D00E1323C = {
						CreatedOnToolsVersion = 12.0.1;
						TestTargetID = 30325B2B2557C47D00E1323C;
					};
					30325B4C2557C47E00E1323C = {
						CreatedOnToolsVersion = 12.0.1;
						TestTargetID = 30325B2B2557C47D00E1323C;
					};
				};
			};
			buildConfigurationList = 30325B272557C47D00E1323C /* Build configuration list for PBXProject "RealmExample" */;
			compatibilityVersion = "Xcode 9.3";
			developmentRegion = en;
			hasScannedForEncodings = 0;
			knownRegions = (
				en,
				Base,
			);
			mainGroup = 30325B232557C47D00E1323C;
			productRefGroup = 30325B2D2557C47D00E1323C /* Products */;
			projectDirPath = "";
			projectRoot = "";
			targets = (
				30325B2B2557C47D00E1323C /* RealmExample */,
				30325B412557C47D00E1323C /* RealmExampleTests */,
				30325B4C2557C47E00E1323C /* RealmExampleUITests */,
			);
		};
/* End PBXProject section */

/* Begin PBXResourcesBuildPhase section */
		30325B2A2557C47D00E1323C /* Resources */ = {
			isa = PBXResourcesBuildPhase;
			buildActionMask = 2147483647;
			files = (
				30325B3C2557C47D00E1323C /* LaunchScreen.storyboard in Resources */,
				30325B392557C47D00E1323C /* Assets.xcassets in Resources */,
				30325B372557C47D00E1323C /* Main.storyboard in Resources */,
			);
			runOnlyForDeploymentPostprocessing = 0;
		};
		30325B402557C47D00E1323C /* Resources */ = {
			isa = PBXResourcesBuildPhase;
			buildActionMask = 2147483647;
			files = (
			);
			runOnlyForDeploymentPostprocessing = 0;
		};
		30325B4B2557C47E00E1323C /* Resources */ = {
			isa = PBXResourcesBuildPhase;
			buildActionMask = 2147483647;
			files = (
			);
			runOnlyForDeploymentPostprocessing = 0;
		};
/* End PBXResourcesBuildPhase section */

/* Begin PBXShellScriptBuildPhase section */
		07651E75C3B3E023831B4913 /* [CP] Check Pods Manifest.lock */ = {
			isa = PBXShellScriptBuildPhase;
			buildActionMask = 2147483647;
			files = (
			);
			inputFileListPaths = (
			);
			inputPaths = (
				"${PODS_PODFILE_DIR_PATH}/Podfile.lock",
				"${PODS_ROOT}/Manifest.lock",
			);
			name = "[CP] Check Pods Manifest.lock";
			outputFileListPaths = (
			);
			outputPaths = (
				"$(DERIVED_FILE_DIR)/Pods-RealmExample-checkManifestLockResult.txt",
			);
			runOnlyForDeploymentPostprocessing = 0;
			shellPath = /bin/sh;
			shellScript = "diff \"${PODS_PODFILE_DIR_PATH}/Podfile.lock\" \"${PODS_ROOT}/Manifest.lock\" > /dev/null\nif [ $? != 0 ] ; then\n    # print error to STDERR\n    echo \"error: The sandbox is not in sync with the Podfile.lock. Run 'pod install' or update your CocoaPods installation.\" >&2\n    exit 1\nfi\n# This output is used by Xcode 'outputs' to avoid re-running this script phase.\necho \"SUCCESS\" > \"${SCRIPT_OUTPUT_FILE_0}\"\n";
			showEnvVarsInLog = 0;
		};
		84AB19513E052726C3C9E42F /* [CP] Embed Pods Frameworks */ = {
			isa = PBXShellScriptBuildPhase;
			buildActionMask = 2147483647;
			files = (
			);
			inputFileListPaths = (
				"${PODS_ROOT}/Target Support Files/Pods-RealmExample-RealmExampleUITests/Pods-RealmExample-RealmExampleUITests-frameworks-${CONFIGURATION}-input-files.xcfilelist",
			);
			name = "[CP] Embed Pods Frameworks";
			outputFileListPaths = (
				"${PODS_ROOT}/Target Support Files/Pods-RealmExample-RealmExampleUITests/Pods-RealmExample-RealmExampleUITests-frameworks-${CONFIGURATION}-output-files.xcfilelist",
			);
			runOnlyForDeploymentPostprocessing = 0;
			shellPath = /bin/sh;
			shellScript = "\"${PODS_ROOT}/Target Support Files/Pods-RealmExample-RealmExampleUITests/Pods-RealmExample-RealmExampleUITests-frameworks.sh\"\n";
			showEnvVarsInLog = 0;
		};
		92DF7A8056E43815CA9C05A9 /* [CP] Embed Pods Frameworks */ = {
			isa = PBXShellScriptBuildPhase;
			buildActionMask = 2147483647;
			files = (
			);
			inputFileListPaths = (
				"${PODS_ROOT}/Target Support Files/Pods-RealmExample/Pods-RealmExample-frameworks-${CONFIGURATION}-input-files.xcfilelist",
			);
			name = "[CP] Embed Pods Frameworks";
			outputFileListPaths = (
				"${PODS_ROOT}/Target Support Files/Pods-RealmExample/Pods-RealmExample-frameworks-${CONFIGURATION}-output-files.xcfilelist",
			);
			runOnlyForDeploymentPostprocessing = 0;
			shellPath = /bin/sh;
			shellScript = "\"${PODS_ROOT}/Target Support Files/Pods-RealmExample/Pods-RealmExample-frameworks.sh\"\n";
			showEnvVarsInLog = 0;
		};
		DF3DEEC4027D17DC1979DDD7 /* [CP] Check Pods Manifest.lock */ = {
			isa = PBXShellScriptBuildPhase;
			buildActionMask = 2147483647;
			files = (
			);
			inputFileListPaths = (
			);
			inputPaths = (
				"${PODS_PODFILE_DIR_PATH}/Podfile.lock",
				"${PODS_ROOT}/Manifest.lock",
			);
			name = "[CP] Check Pods Manifest.lock";
			outputFileListPaths = (
			);
			outputPaths = (
				"$(DERIVED_FILE_DIR)/Pods-RealmExample-RealmExampleUITests-checkManifestLockResult.txt",
			);
			runOnlyForDeploymentPostprocessing = 0;
			shellPath = /bin/sh;
			shellScript = "diff \"${PODS_PODFILE_DIR_PATH}/Podfile.lock\" \"${PODS_ROOT}/Manifest.lock\" > /dev/null\nif [ $? != 0 ] ; then\n    # print error to STDERR\n    echo \"error: The sandbox is not in sync with the Podfile.lock. Run 'pod install' or update your CocoaPods installation.\" >&2\n    exit 1\nfi\n# This output is used by Xcode 'outputs' to avoid re-running this script phase.\necho \"SUCCESS\" > \"${SCRIPT_OUTPUT_FILE_0}\"\n";
			showEnvVarsInLog = 0;
		};
		E6A09AEC883D1A34165DE984 /* [CP] Check Pods Manifest.lock */ = {
			isa = PBXShellScriptBuildPhase;
			buildActionMask = 2147483647;
			files = (
			);
			inputFileListPaths = (
			);
			inputPaths = (
				"${PODS_PODFILE_DIR_PATH}/Podfile.lock",
				"${PODS_ROOT}/Manifest.lock",
			);
			name = "[CP] Check Pods Manifest.lock";
			outputFileListPaths = (
			);
			outputPaths = (
				"$(DERIVED_FILE_DIR)/Pods-RealmExampleTests-checkManifestLockResult.txt",
			);
			runOnlyForDeploymentPostprocessing = 0;
			shellPath = /bin/sh;
			shellScript = "diff \"${PODS_PODFILE_DIR_PATH}/Podfile.lock\" \"${PODS_ROOT}/Manifest.lock\" > /dev/null\nif [ $? != 0 ] ; then\n    # print error to STDERR\n    echo \"error: The sandbox is not in sync with the Podfile.lock. Run 'pod install' or update your CocoaPods installation.\" >&2\n    exit 1\nfi\n# This output is used by Xcode 'outputs' to avoid re-running this script phase.\necho \"SUCCESS\" > \"${SCRIPT_OUTPUT_FILE_0}\"\n";
			showEnvVarsInLog = 0;
		};
/* End PBXShellScriptBuildPhase section */

/* Begin PBXSourcesBuildPhase section */
		30325B282557C47D00E1323C /* Sources */ = {
			isa = PBXSourcesBuildPhase;
			buildActionMask = 2147483647;
			files = (
				30325B722557C8A900E1323C /* Country.swift in Sources */,
				30325B342557C47D00E1323C /* ViewController.swift in Sources */,
				30325B882557D3FD00E1323C /* CountryCell.swift in Sources */,
				30325B302557C47D00E1323C /* AppDelegate.swift in Sources */,
				30325B322557C47D00E1323C /* SceneDelegate.swift in Sources */,
			);
			runOnlyForDeploymentPostprocessing = 0;
		};
		30325B3E2557C47D00E1323C /* Sources */ = {
			isa = PBXSourcesBuildPhase;
			buildActionMask = 2147483647;
			files = (
				30325B472557C47D00E1323C /* RealmExampleTests.swift in Sources */,
			);
			runOnlyForDeploymentPostprocessing = 0;
		};
		30325B492557C47E00E1323C /* Sources */ = {
			isa = PBXSourcesBuildPhase;
			buildActionMask = 2147483647;
			files = (
				30325B522557C47E00E1323C /* RealmExampleUITests.swift in Sources */,
			);
			runOnlyForDeploymentPostprocessing = 0;
		};
/* End PBXSourcesBuildPhase section */

/* Begin PBXTargetDependency section */
		30325B442557C47D00E1323C /* PBXTargetDependency */ = {
			isa = PBXTargetDependency;
			target = 30325B2B2557C47D00E1323C /* RealmExample */;
			targetProxy = 30325B432557C47D00E1323C /* PBXContainerItemProxy */;
		};
		30325B4F2557C47E00E1323C /* PBXTargetDependency */ = {
			isa = PBXTargetDependency;
			target = 30325B2B2557C47D00E1323C /* RealmExample */;
			targetProxy = 30325B4E2557C47E00E1323C /* PBXContainerItemProxy */;
		};
/* End PBXTargetDependency section */

/* Begin PBXVariantGroup section */
		30325B352557C47D00E1323C /* Main.storyboard */ = {
			isa = PBXVariantGroup;
			children = (
				30325B362557C47D00E1323C /* Base */,
			);
			name = Main.storyboard;
			sourceTree = "<group>";
		};
		30325B3A2557C47D00E1323C /* LaunchScreen.storyboard */ = {
			isa = PBXVariantGroup;
			children = (
				30325B3B2557C47D00E1323C /* Base */,
			);
			name = LaunchScreen.storyboard;
			sourceTree = "<group>";
		};
/* End PBXVariantGroup section */

/* Begin XCBuildConfiguration section */
		30325B542557C47E00E1323C /* Debug */ = {
			isa = XCBuildConfiguration;
			buildSettings = {
				ALWAYS_SEARCH_USER_PATHS = NO;
				CLANG_ANALYZER_NONNULL = YES;
				CLANG_ANALYZER_NUMBER_OBJECT_CONVERSION = YES_AGGRESSIVE;
				CLANG_CXX_LANGUAGE_STANDARD = "gnu++14";
				CLANG_CXX_LIBRARY = "libc++";
				CLANG_ENABLE_MODULES = YES;
				CLANG_ENABLE_OBJC_ARC = YES;
				CLANG_ENABLE_OBJC_WEAK = YES;
				CLANG_WARN_BLOCK_CAPTURE_AUTORELEASING = YES;
				CLANG_WARN_BOOL_CONVERSION = YES;
				CLANG_WARN_COMMA = YES;
				CLANG_WARN_CONSTANT_CONVERSION = YES;
				CLANG_WARN_DEPRECATED_OBJC_IMPLEMENTATIONS = YES;
				CLANG_WARN_DIRECT_OBJC_ISA_USAGE = YES_ERROR;
				CLANG_WARN_DOCUMENTATION_COMMENTS = YES;
				CLANG_WARN_EMPTY_BODY = YES;
				CLANG_WARN_ENUM_CONVERSION = YES;
				CLANG_WARN_INFINITE_RECURSION = YES;
				CLANG_WARN_INT_CONVERSION = YES;
				CLANG_WARN_NON_LITERAL_NULL_CONVERSION = YES;
				CLANG_WARN_OBJC_IMPLICIT_RETAIN_SELF = YES;
				CLANG_WARN_OBJC_LITERAL_CONVERSION = YES;
				CLANG_WARN_OBJC_ROOT_CLASS = YES_ERROR;
				CLANG_WARN_QUOTED_INCLUDE_IN_FRAMEWORK_HEADER = YES;
				CLANG_WARN_RANGE_LOOP_ANALYSIS = YES;
				CLANG_WARN_STRICT_PROTOTYPES = YES;
				CLANG_WARN_SUSPICIOUS_MOVE = YES;
				CLANG_WARN_UNGUARDED_AVAILABILITY = YES_AGGRESSIVE;
				CLANG_WARN_UNREACHABLE_CODE = YES;
				CLANG_WARN__DUPLICATE_METHOD_MATCH = YES;
				COPY_PHASE_STRIP = NO;
				DEBUG_INFORMATION_FORMAT = dwarf;
				ENABLE_STRICT_OBJC_MSGSEND = YES;
				ENABLE_TESTABILITY = YES;
				GCC_C_LANGUAGE_STANDARD = gnu11;
				GCC_DYNAMIC_NO_PIC = NO;
				GCC_NO_COMMON_BLOCKS = YES;
				GCC_OPTIMIZATION_LEVEL = 0;
				GCC_PREPROCESSOR_DEFINITIONS = (
					"DEBUG=1",
					"$(inherited)",
				);
				GCC_WARN_64_TO_32_BIT_CONVERSION = YES;
				GCC_WARN_ABOUT_RETURN_TYPE = YES_ERROR;
				GCC_WARN_UNDECLARED_SELECTOR = YES;
				GCC_WARN_UNINITIALIZED_AUTOS = YES_AGGRESSIVE;
				GCC_WARN_UNUSED_FUNCTION = YES;
				GCC_WARN_UNUSED_VARIABLE = YES;
				IPHONEOS_DEPLOYMENT_TARGET = 14.0;
				MTL_ENABLE_DEBUG_INFO = INCLUDE_SOURCE;
				MTL_FAST_MATH = YES;
				ONLY_ACTIVE_ARCH = YES;
				SDKROOT = iphoneos;
				SWIFT_ACTIVE_COMPILATION_CONDITIONS = DEBUG;
				SWIFT_OPTIMIZATION_LEVEL = "-Onone";
			};
			name = Debug;
		};
		30325B552557C47E00E1323C /* Release */ = {
			isa = XCBuildConfiguration;
			buildSettings = {
				ALWAYS_SEARCH_USER_PATHS = NO;
				CLANG_ANALYZER_NONNULL = YES;
				CLANG_ANALYZER_NUMBER_OBJECT_CONVERSION = YES_AGGRESSIVE;
				CLANG_CXX_LANGUAGE_STANDARD = "gnu++14";
				CLANG_CXX_LIBRARY = "libc++";
				CLANG_ENABLE_MODULES = YES;
				CLANG_ENABLE_OBJC_ARC = YES;
				CLANG_ENABLE_OBJC_WEAK = YES;
				CLANG_WARN_BLOCK_CAPTURE_AUTORELEASING = YES;
				CLANG_WARN_BOOL_CONVERSION = YES;
				CLANG_WARN_COMMA = YES;
				CLANG_WARN_CONSTANT_CONVERSION = YES;
				CLANG_WARN_DEPRECATED_OBJC_IMPLEMENTATIONS = YES;
				CLANG_WARN_DIRECT_OBJC_ISA_USAGE = YES_ERROR;
				CLANG_WARN_DOCUMENTATION_COMMENTS = YES;
				CLANG_WARN_EMPTY_BODY = YES;
				CLANG_WARN_ENUM_CONVERSION = YES;
				CLANG_WARN_INFINITE_RECURSION = YES;
				CLANG_WARN_INT_CONVERSION = YES;
				CLANG_WARN_NON_LITERAL_NULL_CONVERSION = YES;
				CLANG_WARN_OBJC_IMPLICIT_RETAIN_SELF = YES;
				CLANG_WARN_OBJC_LITERAL_CONVERSION = YES;
				CLANG_WARN_OBJC_ROOT_CLASS = YES_ERROR;
				CLANG_WARN_QUOTED_INCLUDE_IN_FRAMEWORK_HEADER = YES;
				CLANG_WARN_RANGE_LOOP_ANALYSIS = YES;
				CLANG_WARN_STRICT_PROTOTYPES = YES;
				CLANG_WARN_SUSPICIOUS_MOVE = YES;
				CLANG_WARN_UNGUARDED_AVAILABILITY = YES_AGGRESSIVE;
				CLANG_WARN_UNREACHABLE_CODE = YES;
				CLANG_WARN__DUPLICATE_METHOD_MATCH = YES;
				COPY_PHASE_STRIP = NO;
				DEBUG_INFORMATION_FORMAT = "dwarf-with-dsym";
				ENABLE_NS_ASSERTIONS = NO;
				ENABLE_STRICT_OBJC_MSGSEND = YES;
				GCC_C_LANGUAGE_STANDARD = gnu11;
				GCC_NO_COMMON_BLOCKS = YES;
				GCC_WARN_64_TO_32_BIT_CONVERSION = YES;
				GCC_WARN_ABOUT_RETURN_TYPE = YES_ERROR;
				GCC_WARN_UNDECLARED_SELECTOR = YES;
				GCC_WARN_UNINITIALIZED_AUTOS = YES_AGGRESSIVE;
				GCC_WARN_UNUSED_FUNCTION = YES;
				GCC_WARN_UNUSED_VARIABLE = YES;
				IPHONEOS_DEPLOYMENT_TARGET = 14.0;
				MTL_ENABLE_DEBUG_INFO = NO;
				MTL_FAST_MATH = YES;
				SDKROOT = iphoneos;
				SWIFT_COMPILATION_MODE = wholemodule;
				SWIFT_OPTIMIZATION_LEVEL = "-O";
				VALIDATE_PRODUCT = YES;
			};
			name = Release;
		};
		30325B572557C47E00E1323C /* Debug */ = {
			isa = XCBuildConfiguration;
			baseConfigurationReference = 6A9C8605CEC88A13BF7C70B7 /* Pods-RealmExample.debug.xcconfig */;
			buildSettings = {
				ASSETCATALOG_COMPILER_APPICON_NAME = AppIcon;
				ASSETCATALOG_COMPILER_GLOBAL_ACCENT_COLOR_NAME = AccentColor;
				CODE_SIGN_STYLE = Automatic;
				DEVELOPMENT_TEAM = FXUB54ZT5B;
				INFOPLIST_FILE = RealmExample/Info.plist;
				LD_RUNPATH_SEARCH_PATHS = (
					"$(inherited)",
					"@executable_path/Frameworks",
				);
				PRODUCT_BUNDLE_IDENTIFIER = com.waked.RealmExample;
				PRODUCT_NAME = "$(TARGET_NAME)";
				SWIFT_VERSION = 5.0;
				TARGETED_DEVICE_FAMILY = "1,2";
			};
			name = Debug;
		};
		30325B582557C47E00E1323C /* Release */ = {
			isa = XCBuildConfiguration;
			baseConfigurationReference = 2F4DB6AE2604109A87C95049 /* Pods-RealmExample.release.xcconfig */;
			buildSettings = {
				ASSETCATALOG_COMPILER_APPICON_NAME = AppIcon;
				ASSETCATALOG_COMPILER_GLOBAL_ACCENT_COLOR_NAME = AccentColor;
				CODE_SIGN_STYLE = Automatic;
				DEVELOPMENT_TEAM = FXUB54ZT5B;
				INFOPLIST_FILE = RealmExample/Info.plist;
				LD_RUNPATH_SEARCH_PATHS = (
					"$(inherited)",
					"@executable_path/Frameworks",
				);
				PRODUCT_BUNDLE_IDENTIFIER = com.waked.RealmExample;
				PRODUCT_NAME = "$(TARGET_NAME)";
				SWIFT_VERSION = 5.0;
				TARGETED_DEVICE_FAMILY = "1,2";
			};
			name = Release;
		};
		30325B5A2557C47E00E1323C /* Debug */ = {
			isa = XCBuildConfiguration;
			baseConfigurationReference = B361A1A209366EB6A9CDCC59 /* Pods-RealmExampleTests.debug.xcconfig */;
			buildSettings = {
				ALWAYS_EMBED_SWIFT_STANDARD_LIBRARIES = YES;
				BUNDLE_LOADER = "$(TEST_HOST)";
				CODE_SIGN_STYLE = Automatic;
				DEVELOPMENT_TEAM = FXUB54ZT5B;
				INFOPLIST_FILE = RealmExampleTests/Info.plist;
				IPHONEOS_DEPLOYMENT_TARGET = 14.0;
				LD_RUNPATH_SEARCH_PATHS = (
					"$(inherited)",
					"@executable_path/Frameworks",
					"@loader_path/Frameworks",
				);
				PRODUCT_BUNDLE_IDENTIFIER = com.waked.RealmExampleTests;
				PRODUCT_NAME = "$(TARGET_NAME)";
				SWIFT_VERSION = 5.0;
				TARGETED_DEVICE_FAMILY = "1,2";
				TEST_HOST = "$(BUILT_PRODUCTS_DIR)/RealmExample.app/RealmExample";
			};
			name = Debug;
		};
		30325B5B2557C47E00E1323C /* Release */ = {
			isa = XCBuildConfiguration;
			baseConfigurationReference = F122C9518763E3122E6F1FF2 /* Pods-RealmExampleTests.release.xcconfig */;
			buildSettings = {
				ALWAYS_EMBED_SWIFT_STANDARD_LIBRARIES = YES;
				BUNDLE_LOADER = "$(TEST_HOST)";
				CODE_SIGN_STYLE = Automatic;
				DEVELOPMENT_TEAM = FXUB54ZT5B;
				INFOPLIST_FILE = RealmExampleTests/Info.plist;
				IPHONEOS_DEPLOYMENT_TARGET = 14.0;
				LD_RUNPATH_SEARCH_PATHS = (
					"$(inherited)",
					"@executable_path/Frameworks",
					"@loader_path/Frameworks",
				);
				PRODUCT_BUNDLE_IDENTIFIER = com.waked.RealmExampleTests;
				PRODUCT_NAME = "$(TARGET_NAME)";
				SWIFT_VERSION = 5.0;
				TARGETED_DEVICE_FAMILY = "1,2";
				TEST_HOST = "$(BUILT_PRODUCTS_DIR)/RealmExample.app/RealmExample";
			};
			name = Release;
		};
		30325B5D2557C47E00E1323C /* Debug */ = {
			isa = XCBuildConfiguration;
			baseConfigurationReference = 9EEACC2BAE21C34AE38760F1 /* Pods-RealmExample-RealmExampleUITests.debug.xcconfig */;
			buildSettings = {
				ALWAYS_EMBED_SWIFT_STANDARD_LIBRARIES = YES;
				CODE_SIGN_STYLE = Automatic;
				DEVELOPMENT_TEAM = FXUB54ZT5B;
				INFOPLIST_FILE = RealmExampleUITests/Info.plist;
				LD_RUNPATH_SEARCH_PATHS = (
					"$(inherited)",
					"@executable_path/Frameworks",
					"@loader_path/Frameworks",
				);
				PRODUCT_BUNDLE_IDENTIFIER = com.waked.RealmExampleUITests;
				PRODUCT_NAME = "$(TARGET_NAME)";
				SWIFT_VERSION = 5.0;
				TARGETED_DEVICE_FAMILY = "1,2";
				TEST_TARGET_NAME = RealmExample;
			};
			name = Debug;
		};
		30325B5E2557C47E00E1323C /* Release */ = {
			isa = XCBuildConfiguration;
			baseConfigurationReference = C3CB2AD7D725778832256C94 /* Pods-RealmExample-RealmExampleUITests.release.xcconfig */;
			buildSettings = {
				ALWAYS_EMBED_SWIFT_STANDARD_LIBRARIES = YES;
				CODE_SIGN_STYLE = Automatic;
				DEVELOPMENT_TEAM = FXUB54ZT5B;
				INFOPLIST_FILE = RealmExampleUITests/Info.plist;
				LD_RUNPATH_SEARCH_PATHS = (
					"$(inherited)",
					"@executable_path/Frameworks",
					"@loader_path/Frameworks",
				);
				PRODUCT_BUNDLE_IDENTIFIER = com.waked.RealmExampleUITests;
				PRODUCT_NAME = "$(TARGET_NAME)";
				SWIFT_VERSION = 5.0;
				TARGETED_DEVICE_FAMILY = "1,2";
				TEST_TARGET_NAME = RealmExample;
			};
			name = Release;
		};
/* End XCBuildConfiguration section */

/* Begin XCConfigurationList section */
		30325B272557C47D00E1323C /* Build configuration list for PBXProject "RealmExample" */ = {
			isa = XCConfigurationList;
			buildConfigurations = (
				30325B542557C47E00E1323C /* Debug */,
				30325B552557C47E00E1323C /* Release */,
			);
			defaultConfigurationIsVisible = 0;
			defaultConfigurationName = Release;
		};
		30325B562557C47E00E1323C /* Build configuration list for PBXNativeTarget "RealmExample" */ = {
			isa = XCConfigurationList;
			buildConfigurations = (
				30325B572557C47E00E1323C /* Debug */,
				30325B582557C47E00E1323C /* Release */,
			);
			defaultConfigurationIsVisible = 0;
			defaultConfigurationName = Release;
		};
		30325B592557C47E00E1323C /* Build configuration list for PBXNativeTarget "RealmExampleTests" */ = {
			isa = XCConfigurationList;
			buildConfigurations = (
				30325B5A2557C47E00E1323C /* Debug */,
				30325B5B2557C47E00E1323C /* Release */,
			);
			defaultConfigurationIsVisible = 0;
			defaultConfigurationName = Release;
		};
		30325B5C2557C47E00E1323C /* Build configuration list for PBXNativeTarget "RealmExampleUITests" */ = {
			isa = XCConfigurationList;
			buildConfigurations = (
				30325B5D2557C47E00E1323C /* Debug */,
				30325B5E2557C47E00E1323C /* Release */,
			);
			defaultConfigurationIsVisible = 0;
			defaultConfigurationName = Release;
		};
/* End XCConfigurationList section */
	};
	rootObject = 30325B242557C47D00E1323C /* Project object */;
}
